// !$*UTF8*$!
{
	archiveVersion = 1;
	classes = {
	};
	objectVersion = 46;
	objects = {

/* Begin PBXBuildFile section */
		C6AC39C115F80AC100FF0D95 /* UIKit.framework in Frameworks */ = {isa = PBXBuildFile; fileRef = C6AC39C015F80AC100FF0D95 /* UIKit.framework */; };
		C6AC39C315F80AC100FF0D95 /* Foundation.framework in Frameworks */ = {isa = PBXBuildFile; fileRef = C6AC39C215F80AC100FF0D95 /* Foundation.framework */; };
		C6AC39C515F80AC100FF0D95 /* CoreGraphics.framework in Frameworks */ = {isa = PBXBuildFile; fileRef = C6AC39C415F80AC100FF0D95 /* CoreGraphics.framework */; };
		C6AC39CB15F80AC100FF0D95 /* InfoPlist.strings in Resources */ = {isa = PBXBuildFile; fileRef = C6AC39C915F80AC100FF0D95 /* InfoPlist.strings */; };
		C6AC39CD15F80AC100FF0D95 /* main.m in Sources */ = {isa = PBXBuildFile; fileRef = C6AC39CC15F80AC100FF0D95 /* main.m */; };
		C6AC39D115F80AC100FF0D95 /* AppDelegate.m in Sources */ = {isa = PBXBuildFile; fileRef = C6AC39D015F80AC100FF0D95 /* AppDelegate.m */; };
		C6AC39D915F80B8300FF0D95 /* BlocksGameViewController.m in Sources */ = {isa = PBXBuildFile; fileRef = C6AC39D815F80B8300FF0D95 /* BlocksGameViewController.m */; };
		C6AC39DC15F80BB700FF0D95 /* BlocksGameView.m in Sources */ = {isa = PBXBuildFile; fileRef = C6AC39DB15F80BB700FF0D95 /* BlocksGameView.m */; };
		C6AC39DF15F80CAA00FF0D95 /* GameObject.m in Sources */ = {isa = PBXBuildFile; fileRef = C6AC39DE15F80CAA00FF0D95 /* GameObject.m */; };
		C6AC39E515F80CDA00FF0D95 /* Shape.m in Sources */ = {isa = PBXBuildFile; fileRef = C6AC39E415F80CDA00FF0D95 /* Shape.m */; };
		C6AC39E815F8155B00FF0D95 /* QuartzCore.framework in Frameworks */ = {isa = PBXBuildFile; fileRef = C6AC39E715F8155B00FF0D95 /* QuartzCore.framework */; };
/* End PBXBuildFile section */

/* Begin PBXFileReference section */
		C6AC39BC15F80AC100FF0D95 /* BlocksGame.app */ = {isa = PBXFileReference; explicitFileType = wrapper.application; includeInIndex = 0; path = BlocksGame.app; sourceTree = BUILT_PRODUCTS_DIR; };
		C6AC39C015F80AC100FF0D95 /* UIKit.framework */ = {isa = PBXFileReference; lastKnownFileType = wrapper.framework; name = UIKit.framework; path = System/Library/Frameworks/UIKit.framework; sourceTree = SDKROOT; };
		C6AC39C215F80AC100FF0D95 /* Foundation.framework */ = {isa = PBXFileReference; lastKnownFileType = wrapper.framework; name = Foundation.framework; path = System/Library/Frameworks/Foundation.framework; sourceTree = SDKROOT; };
		C6AC39C415F80AC100FF0D95 /* CoreGraphics.framework */ = {isa = PBXFileReference; lastKnownFileType = wrapper.framework; name = CoreGraphics.framework; path = System/Library/Frameworks/CoreGraphics.framework; sourceTree = SDKROOT; };
		C6AC39C815F80AC100FF0D95 /* BlocksGame-Info.plist */ = {isa = PBXFileReference; lastKnownFileType = text.plist.xml; path = "BlocksGame-Info.plist"; sourceTree = "<group>"; };
		C6AC39CA15F80AC100FF0D95 /* en */ = {isa = PBXFileReference; lastKnownFileType = text.plist.strings; name = en; path = en.lproj/InfoPlist.strings; sourceTree = "<group>"; };
		C6AC39CC15F80AC100FF0D95 /* main.m */ = {isa = PBXFileReference; lastKnownFileType = sourcecode.c.objc; path = main.m; sourceTree = "<group>"; };
		C6AC39CE15F80AC100FF0D95 /* BlocksGame-Prefix.pch */ = {isa = PBXFileReference; lastKnownFileType = sourcecode.c.h; path = "BlocksGame-Prefix.pch"; sourceTree = "<group>"; };
		C6AC39CF15F80AC100FF0D95 /* AppDelegate.h */ = {isa = PBXFileReference; lastKnownFileType = sourcecode.c.h; path = AppDelegate.h; sourceTree = "<group>"; };
		C6AC39D015F80AC100FF0D95 /* AppDelegate.m */ = {isa = PBXFileReference; lastKnownFileType = sourcecode.c.objc; path = AppDelegate.m; sourceTree = "<group>"; };
		C6AC39D715F80B8300FF0D95 /* BlocksGameViewController.h */ = {isa = PBXFileReference; fileEncoding = 4; lastKnownFileType = sourcecode.c.h; path = BlocksGameViewController.h; sourceTree = "<group>"; };
		C6AC39D815F80B8300FF0D95 /* BlocksGameViewController.m */ = {isa = PBXFileReference; fileEncoding = 4; lastKnownFileType = sourcecode.c.objc; path = BlocksGameViewController.m; sourceTree = "<group>"; };
		C6AC39DA15F80BB700FF0D95 /* BlocksGameView.h */ = {isa = PBXFileReference; fileEncoding = 4; lastKnownFileType = sourcecode.c.h; path = BlocksGameView.h; sourceTree = "<group>"; };
		C6AC39DB15F80BB700FF0D95 /* BlocksGameView.m */ = {isa = PBXFileReference; fileEncoding = 4; lastKnownFileType = sourcecode.c.objc; path = BlocksGameView.m; sourceTree = "<group>"; };
		C6AC39DD15F80CAA00FF0D95 /* GameObject.h */ = {isa = PBXFileReference; fileEncoding = 4; lastKnownFileType = sourcecode.c.h; path = GameObject.h; sourceTree = "<group>"; };
		C6AC39DE15F80CAA00FF0D95 /* GameObject.m */ = {isa = PBXFileReference; fileEncoding = 4; lastKnownFileType = sourcecode.c.objc; path = GameObject.m; sourceTree = "<group>"; };
		C6AC39E315F80CDA00FF0D95 /* Shape.h */ = {isa = PBXFileReference; fileEncoding = 4; lastKnownFileType = sourcecode.c.h; path = Shape.h; sourceTree = "<group>"; };
		C6AC39E415F80CDA00FF0D95 /* Shape.m */ = {isa = PBXFileReference; fileEncoding = 4; lastKnownFileType = sourcecode.c.objc; path = Shape.m; sourceTree = "<group>"; };
		C6AC39E715F8155B00FF0D95 /* QuartzCore.framework */ = {isa = PBXFileReference; lastKnownFileType = wrapper.framework; name = QuartzCore.framework; path = System/Library/Frameworks/QuartzCore.framework; sourceTree = SDKROOT; };
/* End PBXFileReference section */

/* Begin PBXFrameworksBuildPhase section */
		C6AC39B915F80AC100FF0D95 /* Frameworks */ = {
			isa = PBXFrameworksBuildPhase;
			buildActionMask = 2147483647;
			files = (
				C6AC39E815F8155B00FF0D95 /* QuartzCore.framework in Frameworks */,
				C6AC39C115F80AC100FF0D95 /* UIKit.framework in Frameworks */,
				C6AC39C315F80AC100FF0D95 /* Foundation.framework in Frameworks */,
				C6AC39C515F80AC100FF0D95 /* CoreGraphics.framework in Frameworks */,
			);
			runOnlyForDeploymentPostprocessing = 0;
		};
/* End PBXFrameworksBuildPhase section */

/* Begin PBXGroup section */
		C6AC39B115F80AC100FF0D95 = {
			isa = PBXGroup;
			children = (
				C6AC39C615F80AC100FF0D95 /* BlocksGame */,
				C6AC39BF15F80AC100FF0D95 /* Frameworks */,
				C6AC39BD15F80AC100FF0D95 /* Products */,
			);
			sourceTree = "<group>";
		};
		C6AC39BD15F80AC100FF0D95 /* Products */ = {
			isa = PBXGroup;
			children = (
				C6AC39BC15F80AC100FF0D95 /* BlocksGame.app */,
			);
			name = Products;
			sourceTree = "<group>";
		};
		C6AC39BF15F80AC100FF0D95 /* Frameworks */ = {
			isa = PBXGroup;
			children = (
				C6AC39E715F8155B00FF0D95 /* QuartzCore.framework */,
				C6AC39C015F80AC100FF0D95 /* UIKit.framework */,
				C6AC39C215F80AC100FF0D95 /* Foundation.framework */,
				C6AC39C415F80AC100FF0D95 /* CoreGraphics.framework */,
			);
			name = Frameworks;
			sourceTree = "<group>";
		};
		C6AC39C615F80AC100FF0D95 /* BlocksGame */ = {
			isa = PBXGroup;
			children = (
				C6AC39E615F80CDD00FF0D95 /* Shape */,
				C6AC39E215F80CC700FF0D95 /* BlocksGameView */,
				C6AC39E115F80CB700FF0D95 /* BlocksGameViewController */,
				C6AC39E015F80CAE00FF0D95 /* GameObject */,
				C6AC39CF15F80AC100FF0D95 /* AppDelegate.h */,
				C6AC39D015F80AC100FF0D95 /* AppDelegate.m */,
				C6AC39C715F80AC100FF0D95 /* Supporting Files */,
			);
			path = BlocksGame;
			sourceTree = "<group>";
		};
		C6AC39C715F80AC100FF0D95 /* Supporting Files */ = {
			isa = PBXGroup;
			children = (
				C6AC39C815F80AC100FF0D95 /* BlocksGame-Info.plist */,
				C6AC39C915F80AC100FF0D95 /* InfoPlist.strings */,
				C6AC39CC15F80AC100FF0D95 /* main.m */,
				C6AC39CE15F80AC100FF0D95 /* BlocksGame-Prefix.pch */,
			);
			name = "Supporting Files";
			sourceTree = "<group>";
		};
		C6AC39E015F80CAE00FF0D95 /* GameObject */ = {
			isa = PBXGroup;
			children = (
				C6AC39DD15F80CAA00FF0D95 /* GameObject.h */,
				C6AC39DE15F80CAA00FF0D95 /* GameObject.m */,
			);
			name = GameObject;
			sourceTree = "<group>";
		};
		C6AC39E115F80CB700FF0D95 /* BlocksGameViewController */ = {
			isa = PBXGroup;
			children = (
				C6AC39D715F80B8300FF0D95 /* BlocksGameViewController.h */,
				C6AC39D815F80B8300FF0D95 /* BlocksGameViewController.m */,
			);
			name = BlocksGameViewController;
			sourceTree = "<group>";
		};
		C6AC39E215F80CC700FF0D95 /* BlocksGameView */ = {
			isa = PBXGroup;
			children = (
				C6AC39DA15F80BB700FF0D95 /* BlocksGameView.h */,
				C6AC39DB15F80BB700FF0D95 /* BlocksGameView.m */,
			);
			name = BlocksGameView;
			sourceTree = "<group>";
		};
		C6AC39E615F80CDD00FF0D95 /* Shape */ = {
			isa = PBXGroup;
			children = (
				C6AC39E315F80CDA00FF0D95 /* Shape.h */,
				C6AC39E415F80CDA00FF0D95 /* Shape.m */,
			);
			name = Shape;
			sourceTree = "<group>";
		};
/* End PBXGroup section */

/* Begin PBXNativeTarget section */
		C6AC39BB15F80AC100FF0D95 /* BlocksGame */ = {
			isa = PBXNativeTarget;
			buildConfigurationList = C6AC39D415F80AC100FF0D95 /* Build configuration list for PBXNativeTarget "BlocksGame" */;
			buildPhases = (
				C6AC39B815F80AC100FF0D95 /* Sources */,
				C6AC39B915F80AC100FF0D95 /* Frameworks */,
				C6AC39BA15F80AC100FF0D95 /* Resources */,
			);
			buildRules = (
			);
			dependencies = (
			);
			name = BlocksGame;
			productName = BlocksGame;
			productReference = C6AC39BC15F80AC100FF0D95 /* BlocksGame.app */;
			productType = "com.apple.product-type.application";
		};
/* End PBXNativeTarget section */

/* Begin PBXProject section */
		C6AC39B315F80AC100FF0D95 /* Project object */ = {
			isa = PBXProject;
			attributes = {
				LastUpgradeCheck = 0440;
				ORGANIZATIONNAME = "Maneesh Goel";
			};
			buildConfigurationList = C6AC39B615F80AC100FF0D95 /* Build configuration list for PBXProject "BlocksGame" */;
			compatibilityVersion = "Xcode 3.2";
			developmentRegion = English;
			hasScannedForEncodings = 0;
			knownRegions = (
				en,
			);
			mainGroup = C6AC39B115F80AC100FF0D95;
			productRefGroup = C6AC39BD15F80AC100FF0D95 /* Products */;
			projectDirPath = "";
			projectRoot = "";
			targets = (
				C6AC39BB15F80AC100FF0D95 /* BlocksGame */,
			);
		};
/* End PBXProject section */

/* Begin PBXResourcesBuildPhase section */
		C6AC39BA15F80AC100FF0D95 /* Resources */ = {
			isa = PBXResourcesBuildPhase;
			buildActionMask = 2147483647;
			files = (
				C6AC39CB15F80AC100FF0D95 /* InfoPlist.strings in Resources */,
			);
			runOnlyForDeploymentPostprocessing = 0;
		};
/* End PBXResourcesBuildPhase section */

/* Begin PBXSourcesBuildPhase section */
		C6AC39B815F80AC100FF0D95 /* Sources */ = {
			isa = PBXSourcesBuildPhase;
			buildActionMask = 2147483647;
			files = (
				C6AC39CD15F80AC100FF0D95 /* main.m in Sources */,
				C6AC39D115F80AC100FF0D95 /* AppDelegate.m in Sources */,
				C6AC39D915F80B8300FF0D95 /* BlocksGameViewController.m in Sources */,
				C6AC39DC15F80BB700FF0D95 /* BlocksGameView.m in Sources */,
				C6AC39DF15F80CAA00FF0D95 /* GameObject.m in Sources */,
				C6AC39E515F80CDA00FF0D95 /* Shape.m in Sources */,
			);
			runOnlyForDeploymentPostprocessing = 0;
		};
/* End PBXSourcesBuildPhase section */

/* Begin PBXVariantGroup section */
		C6AC39C915F80AC100FF0D95 /* InfoPlist.strings */ = {
			isa = PBXVariantGroup;
			children = (
				C6AC39CA15F80AC100FF0D95 /* en */,
			);
			name = InfoPlist.strings;
			sourceTree = "<group>";
		};
/* End PBXVariantGroup section */

/* Begin XCBuildConfiguration section */
		C6AC39D215F80AC100FF0D95 /* Debug */ = {
			isa = XCBuildConfiguration;
			buildSettings = {
				ALWAYS_SEARCH_USER_PATHS = NO;
				ARCHS = "$(ARCHS_STANDARD_32_BIT)";
				CLANG_CXX_LANGUAGE_STANDARD = "gnu++0x";
				CLANG_ENABLE_OBJC_ARC = YES;
				CLANG_WARN__DUPLICATE_METHOD_MATCH = YES;
				"CODE_SIGN_IDENTITY[sdk=iphoneos*]" = "iPhone Developer";
				COPY_PHASE_STRIP = NO;
				GCC_C_LANGUAGE_STANDARD = gnu99;
				GCC_DYNAMIC_NO_PIC = NO;
				GCC_OPTIMIZATION_LEVEL = 0;
				GCC_PREPROCESSOR_DEFINITIONS = (
					"DEBUG=1",
					"$(inherited)",
				);
				GCC_SYMBOLS_PRIVATE_EXTERN = NO;
				GCC_VERSION = com.apple.compilers.llvm.clang.1_0;
				GCC_WARN_ABOUT_RETURN_TYPE = YES;
				GCC_WARN_UNINITIALIZED_AUTOS = YES;
				GCC_WARN_UNUSED_VARIABLE = YES;
				IPHONEOS_DEPLOYMENT_TARGET = 5.1;
				SDKROOT = iphoneos;
				TARGETED_DEVICE_FAMILY = "1,2";
			};
			name = Debug;
		};
		C6AC39D315F80AC100FF0D95 /* Release */ = {
			isa = XCBuildConfiguration;
			buildSettings = {
				ALWAYS_SEARCH_USER_PATHS = NO;
				ARCHS = "$(ARCHS_STANDARD_32_BIT)";
				CLANG_CXX_LANGUAGE_STANDARD = "gnu++0x";
				CLANG_ENABLE_OBJC_ARC = YES;
				CLANG_WARN__DUPLICATE_METHOD_MATCH = YES;
				"CODE_SIGN_IDENTITY[sdk=iphoneos*]" = "iPhone Developer";
				COPY_PHASE_STRIP = YES;
				GCC_C_LANGUAGE_STANDARD = gnu99;
				GCC_VERSION = com.apple.compilers.llvm.clang.1_0;
				GCC_WARN_ABOUT_RETURN_TYPE = YES;
				GCC_WARN_UNINITIALIZED_AUTOS = YES;
				GCC_WARN_UNUSED_VARIABLE = YES;
				IPHONEOS_DEPLOYMENT_TARGET = 5.1;
				OTHER_CFLAGS = "-DNS_BLOCK_ASSERTIONS=1";
				SDKROOT = iphoneos;
				TARGETED_DEVICE_FAMILY = "1,2";
				VALIDATE_PRODUCT = YES;
			};
			name = Release;
		};
		C6AC39D515F80AC100FF0D95 /* Debug */ = {
			isa = XCBuildConfiguration;
			buildSettings = {
				GCC_PRECOMPILE_PREFIX_HEADER = YES;
				GCC_PREFIX_HEADER = "BlocksGame/BlocksGame-Prefix.pch";
				INFOPLIST_FILE = "BlocksGame/BlocksGame-Info.plist";
				PRODUCT_NAME = "$(TARGET_NAME)";
				WRAPPER_EXTENSION = app;
			};
			name = Debug;
		};
		C6AC39D615F80AC100FF0D95 /* Release */ = {
			isa = XCBuildConfiguration;
			buildSettings = {
				GCC_PRECOMPILE_PREFIX_HEADER = YES;
				GCC_PREFIX_HEADER = "BlocksGame/BlocksGame-Prefix.pch";
				INFOPLIST_FILE = "BlocksGame/BlocksGame-Info.plist";
				PRODUCT_NAME = "$(TARGET_NAME)";
				WRAPPER_EXTENSION = app;
			};
			name = Release;
		};
/* End XCBuildConfiguration section */

/* Begin XCConfigurationList section */
		C6AC39B615F80AC100FF0D95 /* Build configuration list for PBXProject "BlocksGame" */ = {
			isa = XCConfigurationList;
			buildConfigurations = (
				C6AC39D215F80AC100FF0D95 /* Debug */,
				C6AC39D315F80AC100FF0D95 /* Release */,
			);
			defaultConfigurationIsVisible = 0;
			defaultConfigurationName = Release;
		};
		C6AC39D415F80AC100FF0D95 /* Build configuration list for PBXNativeTarget "BlocksGame" */ = {
			isa = XCConfigurationList;
			buildConfigurations = (
				C6AC39D515F80AC100FF0D95 /* Debug */,
				C6AC39D615F80AC100FF0D95 /* Release */,
			);
			defaultConfigurationIsVisible = 0;
			defaultConfigurationName = Release;
		};
/* End XCConfigurationList section */
	};
	rootObject = C6AC39B315F80AC100FF0D95 /* Project object */;
}
